
Microsoft Visual Studio Solution File, Format Version 12.00
# Visual Studio Version 17
VisualStudioVersion = 17.7.34031.279
MinimumVisualStudioVersion = 10.0.40219.1
Project("{FAE04EC0-301F-11D3-BF4B-00C04F79EFBC}") = "Codewars", "Codewars\Codewars.csproj", "{6A680551-34F6-48E5-A078-62F902872A4F}"
EndProject
Global
	GlobalSection(SolutionConfigurationPlatforms) = preSolution
		Debug|Any CPU = Debug|Any CPU
		Release|Any CPU = Release|Any CPU
	EndGlobalSection
	GlobalSection(ProjectConfigurationPlatforms) = postSolution
		{6A680551-34F6-48E5-A078-62F902872A4F}.Debug|Any CPU.ActiveCfg = Debug|Any CPU
		{6A680551-34F6-48E5-A078-62F902872A4F}.Debug|Any CPU.Build.0 = Debug|Any CPU
		{6A680551-34F6-48E5-A078-62F902872A4F}.Release|Any CPU.ActiveCfg = Release|Any CPU
		{6A680551-34F6-48E5-A078-62F902872A4F}.Release|Any CPU.Build.0 = Release|Any CPU
	EndGlobalSection
	GlobalSection(SolutionProperties) = preSolution
		HideSolutionNode = FALSE
	EndGlobalSection
	GlobalSection(ExtensibilityGlobals) = postSolution
		SolutionGuid = {3823B34B-06DB-42E7-8EFA-A95782AB7FC9}
	EndGlobalSection
EndGlobal
